{
    "name": "enterprise-transitive-test",
    "version": "1.0.0",
    "lockfileVersion": 2,
    "requires": true,
    "packages": {
        "": {
            "name": "enterprise-transitive-test",
            "version": "1.0.0",
            "dependencies": {
                "axios": "0.21.0",
                "express": "4.16.0",
                "jsonwebtoken": "8.5.1",
                "mongoose": "5.7.7"
            },
            "devDependencies": {
                "webpack": "4.28.0"
            },
            "optionalDependencies": {
                "chokidar": "2.0.0"
            }
        },
        "node_modules/express": {
            "version": "4.16.0",
            "dependencies": {
                "body-parser": "1.18.2",
                "qs": "6.5.1",
                "debug": "2.6.9",
                "path-to-regexp": "0.1.7"
            }
        },
        "node_modules/body-parser": {
            "version": "1.18.2",
            "dependencies": {
                "qs": "6.5.1"
            }
        },
        "node_modules/qs": {
            "version": "6.5.1"
        },
        "node_modules/path-to-regexp": {
            "version": "0.1.7"
        },
        "node_modules/debug": {
            "version": "2.6.9",
            "dependencies": {
                "ms": "2.0.0"
            }
        },
        "node_modules/mongoose": {
            "version": "5.7.7",
            "dependencies": {
                "mongodb": "3.3.2",
                "lodash": "4.17.15"
            }
        },
        "node_modules/mongodb": {
            "version": "3.3.2",
            "dependencies": {
                "optional-require": "1.0.3"
            }
        },
        "node_modules/lodash": {
            "version": "4.17.15"
        },
        "node_modules/axios": {
            "version": "0.21.0",
            "dependencies": {
                "follow-redirects": "1.10.0"
            }
        },
        "node_modules/follow-redirects": {
            "version": "1.10.0"
        },
        "node_modules/jsonwebtoken": {
            "version": "8.5.1",
            "dependencies": {
                "lodash.includes": "4.3.0"
            }
        },
        "node_modules/lodash.includes": {
            "version": "4.3.0"
        },
        "node_modules/webpack": {
            "version": "4.28.0",
            "dev": true,
            "dependencies": {
                "serialize-javascript": "2.1.1",
                "minimist": "1.2.0"
            }
        },
        "node_modules/serialize-javascript": {
            "version": "2.1.1"
        },
        "node_modules/minimist": {
            "version": "1.2.0"
        },
        "node_modules/chokidar": {
            "version": "2.0.0",
            "optional": true,
            "dependencies": {
                "anymatch": "2.0.0"
            }
        },
        "node_modules/anymatch": {
            "version": "2.0.0"
        }
    }
}